// !$*UTF8*$!
{
	archiveVersion = 1;
	classes = {
	};
	objectVersion = 55;
	objects = {

/* Begin PBXBuildFile section */
		A1070C0E271B2622001864C0 /* FoodiesSouqApp.swift in Sources */ = {isa = PBXBuildFile; fileRef = A1070C0D271B2622001864C0 /* FoodiesSouqApp.swift */; };
		A1070C10271B2622001864C0 /* ContentView.swift in Sources */ = {isa = PBXBuildFile; fileRef = A1070C0F271B2622001864C0 /* ContentView.swift */; };
		A1070C12271B2625001864C0 /* Assets.xcassets in Resources */ = {isa = PBXBuildFile; fileRef = A1070C11271B2625001864C0 /* Assets.xcassets */; };
		A1070C15271B2625001864C0 /* Preview Assets.xcassets in Resources */ = {isa = PBXBuildFile; fileRef = A1070C14271B2625001864C0 /* Preview Assets.xcassets */; };
		A1070C3B271B4497001864C0 /* LoginView.swift in Sources */ = {isa = PBXBuildFile; fileRef = A1070C3A271B4497001864C0 /* LoginView.swift */; };
		A1070C3D271CAA36001864C0 /* Color.swift in Sources */ = {isa = PBXBuildFile; fileRef = A1070C3C271CAA36001864C0 /* Color.swift */; };
		A1070C40271CB217001864C0 /* RoundedBackModifier.swift in Sources */ = {isa = PBXBuildFile; fileRef = A1070C3F271CB217001864C0 /* RoundedBackModifier.swift */; };
		A15449CE272AFCCC009156FF /* TitledEditTextView.swift in Sources */ = {isa = PBXBuildFile; fileRef = A15449CD272AFCCC009156FF /* TitledEditTextView.swift */; };
		A15449D1272B06F0009156FF /* TextFieldStyle.swift in Sources */ = {isa = PBXBuildFile; fileRef = A15449D0272B06F0009156FF /* TextFieldStyle.swift */; };
		A15449D3272B2130009156FF /* OutlinedShadowModifier.swift in Sources */ = {isa = PBXBuildFile; fileRef = A15449D2272B2130009156FF /* OutlinedShadowModifier.swift */; };
		A17C03612756A0B00056261E /* OnBoardingView.swift in Sources */ = {isa = PBXBuildFile; fileRef = A17C03602756A0B00056261E /* OnBoardingView.swift */; };
		A17C03632756B06B0056261E /* CircleBackModifier.swift in Sources */ = {isa = PBXBuildFile; fileRef = A17C03622756B06B0056261E /* CircleBackModifier.swift */; };
		A1968F90271DEF9E00A4D96B /* Anton-Regular.ttf in Resources */ = {isa = PBXBuildFile; fileRef = A1968F8F271DEF9E00A4D96B /* Anton-Regular.ttf */; };
		A1A5DABD274E9A5900F3163C /* TransparentTextFieldView.swift in Sources */ = {isa = PBXBuildFile; fileRef = A1A5DABC274E9A5900F3163C /* TransparentTextFieldView.swift */; };
		A1A5DABF274EC53900F3163C /* Fonts.swift in Sources */ = {isa = PBXBuildFile; fileRef = A1A5DABE274EC53900F3163C /* Fonts.swift */; };
		A1E5A45A274D464F00D5D871 /* Sofia Pro Regular.ttf in Resources */ = {isa = PBXBuildFile; fileRef = A1E5A459274D464F00D5D871 /* Sofia Pro Regular.ttf */; };
		A1E5A45C274D46F900D5D871 /* Sofia-Pro-Bold.otf in Resources */ = {isa = PBXBuildFile; fileRef = A1E5A45B274D46F900D5D871 /* Sofia-Pro-Bold.otf */; };
/* End PBXBuildFile section */

/* Begin PBXFileReference section */
		A1070C0A271B2622001864C0 /* FoodiesSouq.app */ = {isa = PBXFileReference; explicitFileType = wrapper.application; includeInIndex = 0; path = FoodiesSouq.app; sourceTree = BUILT_PRODUCTS_DIR; };
		A1070C0D271B2622001864C0 /* FoodiesSouqApp.swift */ = {isa = PBXFileReference; lastKnownFileType = sourcecode.swift; path = FoodiesSouqApp.swift; sourceTree = "<group>"; };
		A1070C0F271B2622001864C0 /* ContentView.swift */ = {isa = PBXFileReference; lastKnownFileType = sourcecode.swift; path = ContentView.swift; sourceTree = "<group>"; };
		A1070C11271B2625001864C0 /* Assets.xcassets */ = {isa = PBXFileReference; lastKnownFileType = folder.assetcatalog; path = Assets.xcassets; sourceTree = "<group>"; };
		A1070C14271B2625001864C0 /* Preview Assets.xcassets */ = {isa = PBXFileReference; lastKnownFileType = folder.assetcatalog; path = "Preview Assets.xcassets"; sourceTree = "<group>"; };
		A1070C35271B2EC1001864C0 /* Info.plist */ = {isa = PBXFileReference; lastKnownFileType = text.plist; path = Info.plist; sourceTree = "<group>"; };
		A1070C3A271B4497001864C0 /* LoginView.swift */ = {isa = PBXFileReference; lastKnownFileType = sourcecode.swift; path = LoginView.swift; sourceTree = "<group>"; };
		A1070C3C271CAA36001864C0 /* Color.swift */ = {isa = PBXFileReference; lastKnownFileType = sourcecode.swift; path = Color.swift; sourceTree = "<group>"; };
		A1070C3F271CB217001864C0 /* RoundedBackModifier.swift */ = {isa = PBXFileReference; lastKnownFileType = sourcecode.swift; path = RoundedBackModifier.swift; sourceTree = "<group>"; };
		A15449CD272AFCCC009156FF /* TitledEditTextView.swift */ = {isa = PBXFileReference; lastKnownFileType = sourcecode.swift; path = TitledEditTextView.swift; sourceTree = "<group>"; };
		A15449D0272B06F0009156FF /* TextFieldStyle.swift */ = {isa = PBXFileReference; lastKnownFileType = sourcecode.swift; path = TextFieldStyle.swift; sourceTree = "<group>"; };
		A15449D2272B2130009156FF /* OutlinedShadowModifier.swift */ = {isa = PBXFileReference; lastKnownFileType = sourcecode.swift; path = OutlinedShadowModifier.swift; sourceTree = "<group>"; };
		A17C03602756A0B00056261E /* OnBoardingView.swift */ = {isa = PBXFileReference; lastKnownFileType = sourcecode.swift; path = OnBoardingView.swift; sourceTree = "<group>"; };
		A17C03622756B06B0056261E /* CircleBackModifier.swift */ = {isa = PBXFileReference; lastKnownFileType = sourcecode.swift; path = CircleBackModifier.swift; sourceTree = "<group>"; };
		A1968F8F271DEF9E00A4D96B /* Anton-Regular.ttf */ = {isa = PBXFileReference; lastKnownFileType = file; path = "Anton-Regular.ttf"; sourceTree = "<group>"; };
		A1A5DABC274E9A5900F3163C /* TransparentTextFieldView.swift */ = {isa = PBXFileReference; lastKnownFileType = sourcecode.swift; path = TransparentTextFieldView.swift; sourceTree = "<group>"; };
		A1A5DABE274EC53900F3163C /* Fonts.swift */ = {isa = PBXFileReference; lastKnownFileType = sourcecode.swift; path = Fonts.swift; sourceTree = "<group>"; };
		A1E5A459274D464F00D5D871 /* Sofia Pro Regular.ttf */ = {isa = PBXFileReference; lastKnownFileType = file; path = "Sofia Pro Regular.ttf"; sourceTree = "<group>"; };
		A1E5A45B274D46F900D5D871 /* Sofia-Pro-Bold.otf */ = {isa = PBXFileReference; lastKnownFileType = file; path = "Sofia-Pro-Bold.otf"; sourceTree = "<group>"; };
/* End PBXFileReference section */

/* Begin PBXFrameworksBuildPhase section */
		A1070C07271B2622001864C0 /* Frameworks */ = {
			isa = PBXFrameworksBuildPhase;
			buildActionMask = 2147483647;
			files = (
			);
			runOnlyForDeploymentPostprocessing = 0;
		};
/* End PBXFrameworksBuildPhase section */

/* Begin PBXGroup section */
		A1070C01271B2622001864C0 = {
			isa = PBXGroup;
			children = (
				A1070C0C271B2622001864C0 /* FoodiesSouq */,
				A1070C0B271B2622001864C0 /* Products */,
			);
			sourceTree = "<group>";
		};
		A1070C0B271B2622001864C0 /* Products */ = {
			isa = PBXGroup;
			children = (
				A1070C0A271B2622001864C0 /* FoodiesSouq.app */,
			);
			name = Products;
			sourceTree = "<group>";
		};
		A1070C0C271B2622001864C0 /* FoodiesSouq */ = {
			isa = PBXGroup;
			children = (
				A1070C22271B2C5A001864C0 /* Fonts */,
				A1070C35271B2EC1001864C0 /* Info.plist */,
				A1070C1F271B2798001864C0 /* Utilities */,
				A1070C1E271B2780001864C0 /* Models */,
				A1070C1D271B2718001864C0 /* Extension */,
				A1070C1C271B270F001864C0 /* Services */,
				A1070C1B271B2700001864C0 /* Core */,
				A1070C0D271B2622001864C0 /* FoodiesSouqApp.swift */,
				A1070C0F271B2622001864C0 /* ContentView.swift */,
				A1070C11271B2625001864C0 /* Assets.xcassets */,
				A1070C13271B2625001864C0 /* Preview Content */,
			);
			path = FoodiesSouq;
			sourceTree = "<group>";
		};
		A1070C13271B2625001864C0 /* Preview Content */ = {
			isa = PBXGroup;
			children = (
				A1070C14271B2625001864C0 /* Preview Assets.xcassets */,
			);
			path = "Preview Content";
			sourceTree = "<group>";
		};
		A1070C1B271B2700001864C0 /* Core */ = {
			isa = PBXGroup;
			children = (
				A17C035B27569EA40056261E /* Onboarding */,
				A1070C21271B27D3001864C0 /* Login */,
				A1070C20271B27C5001864C0 /* Component */,
			);
			path = Core;
			sourceTree = "<group>";
		};
		A1070C1C271B270F001864C0 /* Services */ = {
			isa = PBXGroup;
			children = (
			);
			path = Services;
			sourceTree = "<group>";
		};
		A1070C1D271B2718001864C0 /* Extension */ = {
			isa = PBXGroup;
			children = (
				A1070C3C271CAA36001864C0 /* Color.swift */,
				A1A5DABE274EC53900F3163C /* Fonts.swift */,
			);
			path = Extension;
			sourceTree = "<group>";
		};
		A1070C1E271B2780001864C0 /* Models */ = {
			isa = PBXGroup;
			children = (
			);
			path = Models;
			sourceTree = "<group>";
		};
		A1070C1F271B2798001864C0 /* Utilities */ = {
			isa = PBXGroup;
			children = (
			);
			path = Utilities;
			sourceTree = "<group>";
		};
		A1070C20271B27C5001864C0 /* Component */ = {
			isa = PBXGroup;
			children = (
				A15449CF272B06B5009156FF /* Styles */,
				A1070C3E271CB1D7001864C0 /* Modifiers */,
				A15449CD272AFCCC009156FF /* TitledEditTextView.swift */,
				A1A5DABC274E9A5900F3163C /* TransparentTextFieldView.swift */,
			);
			path = Component;
			sourceTree = "<group>";
		};
		A1070C21271B27D3001864C0 /* Login */ = {
			isa = PBXGroup;
			children = (
				A1070C39271B4450001864C0 /* ViewModel */,
				A1070C38271B4445001864C0 /* View */,
			);
			path = Login;
			sourceTree = "<group>";
		};
		A1070C22271B2C5A001864C0 /* Fonts */ = {
			isa = PBXGroup;
			children = (
				A1E5A45B274D46F900D5D871 /* Sofia-Pro-Bold.otf */,
				A1E5A459274D464F00D5D871 /* Sofia Pro Regular.ttf */,
				A1968F8F271DEF9E00A4D96B /* Anton-Regular.ttf */,
			);
			path = Fonts;
			sourceTree = "<group>";
		};
		A1070C38271B4445001864C0 /* View */ = {
			isa = PBXGroup;
			children = (
				A1070C3A271B4497001864C0 /* LoginView.swift */,
			);
			path = View;
			sourceTree = "<group>";
		};
		A1070C39271B4450001864C0 /* ViewModel */ = {
			isa = PBXGroup;
			children = (
			);
			path = ViewModel;
			sourceTree = "<group>";
		};
		A1070C3E271CB1D7001864C0 /* Modifiers */ = {
			isa = PBXGroup;
			children = (
				A1070C3F271CB217001864C0 /* RoundedBackModifier.swift */,
				A15449D2272B2130009156FF /* OutlinedShadowModifier.swift */,
				A17C03622756B06B0056261E /* CircleBackModifier.swift */,
			);
			path = Modifiers;
			sourceTree = "<group>";
		};
		A15449CF272B06B5009156FF /* Styles */ = {
			isa = PBXGroup;
			children = (
				A15449D0272B06F0009156FF /* TextFieldStyle.swift */,
			);
			path = Styles;
			sourceTree = "<group>";
		};
		A17C035B27569EA40056261E /* Onboarding */ = {
			isa = PBXGroup;
			children = (
				A17C03602756A0B00056261E /* OnBoardingView.swift */,
			);
			path = Onboarding;
			sourceTree = "<group>";
		};
/* End PBXGroup section */

/* Begin PBXNativeTarget section */
		A1070C09271B2622001864C0 /* FoodiesSouq */ = {
			isa = PBXNativeTarget;
			buildConfigurationList = A1070C18271B2625001864C0 /* Build configuration list for PBXNativeTarget "FoodiesSouq" */;
			buildPhases = (
				A1070C06271B2622001864C0 /* Sources */,
				A1070C07271B2622001864C0 /* Frameworks */,
				A1070C08271B2622001864C0 /* Resources */,
			);
			buildRules = (
			);
			dependencies = (
			);
			name = FoodiesSouq;
			productName = FoodiesSouq;
			productReference = A1070C0A271B2622001864C0 /* FoodiesSouq.app */;
			productType = "com.apple.product-type.application";
		};
/* End PBXNativeTarget section */

/* Begin PBXProject section */
		A1070C02271B2622001864C0 /* Project object */ = {
			isa = PBXProject;
			attributes = {
				BuildIndependentTargetsInParallel = 1;
				LastSwiftUpdateCheck = 1300;
				LastUpgradeCheck = 1300;
				TargetAttributes = {
					A1070C09271B2622001864C0 = {
						CreatedOnToolsVersion = 13.0;
					};
				};
			};
			buildConfigurationList = A1070C05271B2622001864C0 /* Build configuration list for PBXProject "FoodiesSouq" */;
			compatibilityVersion = "Xcode 13.0";
			developmentRegion = en;
			hasScannedForEncodings = 0;
			knownRegions = (
				en,
				Base,
			);
			mainGroup = A1070C01271B2622001864C0;
			productRefGroup = A1070C0B271B2622001864C0 /* Products */;
			projectDirPath = "";
			projectRoot = "";
			targets = (
				A1070C09271B2622001864C0 /* FoodiesSouq */,
			);
		};
/* End PBXProject section */

/* Begin PBXResourcesBuildPhase section */
		A1070C08271B2622001864C0 /* Resources */ = {
			isa = PBXResourcesBuildPhase;
			buildActionMask = 2147483647;
			files = (
				A1070C15271B2625001864C0 /* Preview Assets.xcassets in Resources */,
				A1968F90271DEF9E00A4D96B /* Anton-Regular.ttf in Resources */,
				A1E5A45C274D46F900D5D871 /* Sofia-Pro-Bold.otf in Resources */,
				A1E5A45A274D464F00D5D871 /* Sofia Pro Regular.ttf in Resources */,
				A1070C12271B2625001864C0 /* Assets.xcassets in Resources */,
			);
			runOnlyForDeploymentPostprocessing = 0;
		};
/* End PBXResourcesBuildPhase section */

/* Begin PBXSourcesBuildPhase section */
		A1070C06271B2622001864C0 /* Sources */ = {
			isa = PBXSourcesBuildPhase;
			buildActionMask = 2147483647;
			files = (
				A1070C10271B2622001864C0 /* ContentView.swift in Sources */,
				A17C03632756B06B0056261E /* CircleBackModifier.swift in Sources */,
				A1A5DABD274E9A5900F3163C /* TransparentTextFieldView.swift in Sources */,
				A15449D1272B06F0009156FF /* TextFieldStyle.swift in Sources */,
				A15449CE272AFCCC009156FF /* TitledEditTextView.swift in Sources */,
				A15449D3272B2130009156FF /* OutlinedShadowModifier.swift in Sources */,
				A17C03612756A0B00056261E /* OnBoardingView.swift in Sources */,
				A1070C0E271B2622001864C0 /* FoodiesSouqApp.swift in Sources */,
				A1A5DABF274EC53900F3163C /* Fonts.swift in Sources */,
				A1070C3B271B4497001864C0 /* LoginView.swift in Sources */,
				A1070C3D271CAA36001864C0 /* Color.swift in Sources */,
				A1070C40271CB217001864C0 /* RoundedBackModifier.swift in Sources */,
			);
			runOnlyForDeploymentPostprocessing = 0;
		};
/* End PBXSourcesBuildPhase section */

/* Begin XCBuildConfiguration section */
		A1070C16271B2625001864C0 /* Debug */ = {
			isa = XCBuildConfiguration;
			buildSettings = {
				ALWAYS_SEARCH_USER_PATHS = NO;
				CLANG_ANALYZER_NONNULL = YES;
				CLANG_ANALYZER_NUMBER_OBJECT_CONVERSION = YES_AGGRESSIVE;
				CLANG_CXX_LANGUAGE_STANDARD = "gnu++17";
				CLANG_CXX_LIBRARY = "libc++";
				CLANG_ENABLE_MODULES = YES;
				CLANG_ENABLE_OBJC_ARC = YES;
				CLANG_ENABLE_OBJC_WEAK = YES;
				CLANG_WARN_BLOCK_CAPTURE_AUTORELEASING = YES;
				CLANG_WARN_BOOL_CONVERSION = YES;
				CLANG_WARN_COMMA = YES;
				CLANG_WARN_CONSTANT_CONVERSION = YES;
				CLANG_WARN_DEPRECATED_OBJC_IMPLEMENTATIONS = YES;
				CLANG_WARN_DIRECT_OBJC_ISA_USAGE = YES_ERROR;
				CLANG_WARN_DOCUMENTATION_COMMENTS = YES;
				CLANG_WARN_EMPTY_BODY = YES;
				CLANG_WARN_ENUM_CONVERSION = YES;
				CLANG_WARN_INFINITE_RECURSION = YES;
				CLANG_WARN_INT_CONVERSION = YES;
				CLANG_WARN_NON_LITERAL_NULL_CONVERSION = YES;
				CLANG_WARN_OBJC_IMPLICIT_RETAIN_SELF = YES;
				CLANG_WARN_OBJC_LITERAL_CONVERSION = YES;
				CLANG_WARN_OBJC_ROOT_CLASS = YES_ERROR;
				CLANG_WARN_QUOTED_INCLUDE_IN_FRAMEWORK_HEADER = YES;
				CLANG_WARN_RANGE_LOOP_ANALYSIS = YES;
				CLANG_WARN_STRICT_PROTOTYPES = YES;
				CLANG_WARN_SUSPICIOUS_MOVE = YES;
				CLANG_WARN_UNGUARDED_AVAILABILITY = YES_AGGRESSIVE;
				CLANG_WARN_UNREACHABLE_CODE = YES;
				CLANG_WARN__DUPLICATE_METHOD_MATCH = YES;
				COPY_PHASE_STRIP = NO;
				DEBUG_INFORMATION_FORMAT = dwarf;
				ENABLE_STRICT_OBJC_MSGSEND = YES;
				ENABLE_TESTABILITY = YES;
				GCC_C_LANGUAGE_STANDARD = gnu11;
				GCC_DYNAMIC_NO_PIC = NO;
				GCC_NO_COMMON_BLOCKS = YES;
				GCC_OPTIMIZATION_LEVEL = 0;
				GCC_PREPROCESSOR_DEFINITIONS = (
					"DEBUG=1",
					"$(inherited)",
				);
				GCC_WARN_64_TO_32_BIT_CONVERSION = YES;
				GCC_WARN_ABOUT_RETURN_TYPE = YES_ERROR;
				GCC_WARN_UNDECLARED_SELECTOR = YES;
				GCC_WARN_UNINITIALIZED_AUTOS = YES_AGGRESSIVE;
				GCC_WARN_UNUSED_FUNCTION = YES;
				GCC_WARN_UNUSED_VARIABLE = YES;
				IPHONEOS_DEPLOYMENT_TARGET = 15.0;
				MTL_ENABLE_DEBUG_INFO = INCLUDE_SOURCE;
				MTL_FAST_MATH = YES;
				ONLY_ACTIVE_ARCH = YES;
				SDKROOT = iphoneos;
				SWIFT_ACTIVE_COMPILATION_CONDITIONS = DEBUG;
				SWIFT_OPTIMIZATION_LEVEL = "-Onone";
			};
			name = Debug;
		};
		A1070C17271B2625001864C0 /* Release */ = {
			isa = XCBuildConfiguration;
			buildSettings = {
				ALWAYS_SEARCH_USER_PATHS = NO;
				CLANG_ANALYZER_NONNULL = YES;
				CLANG_ANALYZER_NUMBER_OBJECT_CONVERSION = YES_AGGRESSIVE;
				CLANG_CXX_LANGUAGE_STANDARD = "gnu++17";
				CLANG_CXX_LIBRARY = "libc++";
				CLANG_ENABLE_MODULES = YES;
				CLANG_ENABLE_OBJC_ARC = YES;
				CLANG_ENABLE_OBJC_WEAK = YES;
				CLANG_WARN_BLOCK_CAPTURE_AUTORELEASING = YES;
				CLANG_WARN_BOOL_CONVERSION = YES;
				CLANG_WARN_COMMA = YES;
				CLANG_WARN_CONSTANT_CONVERSION = YES;
				CLANG_WARN_DEPRECATED_OBJC_IMPLEMENTATIONS = YES;
				CLANG_WARN_DIRECT_OBJC_ISA_USAGE = YES_ERROR;
				CLANG_WARN_DOCUMENTATION_COMMENTS = YES;
				CLANG_WARN_EMPTY_BODY = YES;
				CLANG_WARN_ENUM_CONVERSION = YES;
				CLANG_WARN_INFINITE_RECURSION = YES;
				CLANG_WARN_INT_CONVERSION = YES;
				CLANG_WARN_NON_LITERAL_NULL_CONVERSION = YES;
				CLANG_WARN_OBJC_IMPLICIT_RETAIN_SELF = YES;
				CLANG_WARN_OBJC_LITERAL_CONVERSION = YES;
				CLANG_WARN_OBJC_ROOT_CLASS = YES_ERROR;
				CLANG_WARN_QUOTED_INCLUDE_IN_FRAMEWORK_HEADER = YES;
				CLANG_WARN_RANGE_LOOP_ANALYSIS = YES;
				CLANG_WARN_STRICT_PROTOTYPES = YES;
				CLANG_WARN_SUSPICIOUS_MOVE = YES;
				CLANG_WARN_UNGUARDED_AVAILABILITY = YES_AGGRESSIVE;
				CLANG_WARN_UNREACHABLE_CODE = YES;
				CLANG_WARN__DUPLICATE_METHOD_MATCH = YES;
				COPY_PHASE_STRIP = NO;
				DEBUG_INFORMATION_FORMAT = "dwarf-with-dsym";
				ENABLE_NS_ASSERTIONS = NO;
				ENABLE_STRICT_OBJC_MSGSEND = YES;
				GCC_C_LANGUAGE_STANDARD = gnu11;
				GCC_NO_COMMON_BLOCKS = YES;
				GCC_WARN_64_TO_32_BIT_CONVERSION = YES;
				GCC_WARN_ABOUT_RETURN_TYPE = YES_ERROR;
				GCC_WARN_UNDECLARED_SELECTOR = YES;
				GCC_WARN_UNINITIALIZED_AUTOS = YES_AGGRESSIVE;
				GCC_WARN_UNUSED_FUNCTION = YES;
				GCC_WARN_UNUSED_VARIABLE = YES;
				IPHONEOS_DEPLOYMENT_TARGET = 15.0;
				MTL_ENABLE_DEBUG_INFO = NO;
				MTL_FAST_MATH = YES;
				SDKROOT = iphoneos;
				SWIFT_COMPILATION_MODE = wholemodule;
				SWIFT_OPTIMIZATION_LEVEL = "-O";
				VALIDATE_PRODUCT = YES;
			};
			name = Release;
		};
		A1070C19271B2625001864C0 /* Debug */ = {
			isa = XCBuildConfiguration;
			buildSettings = {
				ASSETCATALOG_COMPILER_APPICON_NAME = AppIcon;
				ASSETCATALOG_COMPILER_GLOBAL_ACCENT_COLOR_NAME = AccentColor;
				CODE_SIGN_STYLE = Automatic;
				CURRENT_PROJECT_VERSION = 1;
				DEVELOPMENT_ASSET_PATHS = "\"FoodiesSouq/Preview Content\"";
				DEVELOPMENT_TEAM = 33Z26KH6FC;
				ENABLE_PREVIEWS = YES;
				GENERATE_INFOPLIST_FILE = YES;
				INFOPLIST_FILE = FoodiesSouq/Info.plist;
				INFOPLIST_KEY_UIApplicationSceneManifest_Generation = YES;
				INFOPLIST_KEY_UIApplicationSupportsIndirectInputEvents = YES;
				INFOPLIST_KEY_UILaunchScreen_Generation = YES;
				INFOPLIST_KEY_UISupportedInterfaceOrientations_iPad = "UIInterfaceOrientationPortrait UIInterfaceOrientationPortraitUpsideDown UIInterfaceOrientationLandscapeLeft UIInterfaceOrientationLandscapeRight";
				INFOPLIST_KEY_UISupportedInterfaceOrientations_iPhone = "UIInterfaceOrientationPortrait UIInterfaceOrientationLandscapeLeft UIInterfaceOrientationLandscapeRight";
				IPHONEOS_DEPLOYMENT_TARGET = 14.0;
				LD_RUNPATH_SEARCH_PATHS = (
					"$(inherited)",
					"@executable_path/Frameworks",
				);
				MARKETING_VERSION = 1.0;
				PRODUCT_BUNDLE_IDENTIFIER = com.metacoders.FoodiesSouq;
				PRODUCT_NAME = "$(TARGET_NAME)";
				SWIFT_EMIT_LOC_STRINGS = YES;
				SWIFT_VERSION = 5.0;
				TARGETED_DEVICE_FAMILY = "1,2";
			};
			name = Debug;
		};
		A1070C1A271B2625001864C0 /* Release */ = {
			isa = XCBuildConfiguration;
			buildSettings = {
				ASSETCATALOG_COMPILER_APPICON_NAME = AppIcon;
				ASSETCATALOG_COMPILER_GLOBAL_ACCENT_COLOR_NAME = AccentColor;
				CODE_SIGN_STYLE = Automatic;
				CURRENT_PROJECT_VERSION = 1;
				DEVELOPMENT_ASSET_PATHS = "\"FoodiesSouq/Preview Content\"";
				DEVELOPMENT_TEAM = 33Z26KH6FC;
				ENABLE_PREVIEWS = YES;
				GENERATE_INFOPLIST_FILE = YES;
				INFOPLIST_FILE = FoodiesSouq/Info.plist;
				INFOPLIST_KEY_UIApplicationSceneManifest_Generation = YES;
				INFOPLIST_KEY_UIApplicationSupportsIndirectInputEvents = YES;
				INFOPLIST_KEY_UILaunchScreen_Generation = YES;
				INFOPLIST_KEY_UISupportedInterfaceOrientations_iPad = "UIInterfaceOrientationPortrait UIInterfaceOrientationPortraitUpsideDown UIInterfaceOrientationLandscapeLeft UIInterfaceOrientationLandscapeRight";
				INFOPLIST_KEY_UISupportedInterfaceOrientations_iPhone = "UIInterfaceOrientationPortrait UIInterfaceOrientationLandscapeLeft UIInterfaceOrientationLandscapeRight";
				IPHONEOS_DEPLOYMENT_TARGET = 14.0;
				LD_RUNPATH_SEARCH_PATHS = (
					"$(inherited)",
					"@executable_path/Frameworks",
				);
				MARKETING_VERSION = 1.0;
				PRODUCT_BUNDLE_IDENTIFIER = com.metacoders.FoodiesSouq;
				PRODUCT_NAME = "$(TARGET_NAME)";
				SWIFT_EMIT_LOC_STRINGS = YES;
				SWIFT_VERSION = 5.0;
				TARGETED_DEVICE_FAMILY = "1,2";
			};
			name = Release;
		};
/* End XCBuildConfiguration section */

/* Begin XCConfigurationList section */
		A1070C05271B2622001864C0 /* Build configuration list for PBXProject "FoodiesSouq" */ = {
			isa = XCConfigurationList;
			buildConfigurations = (
				A1070C16271B2625001864C0 /* Debug */,
				A1070C17271B2625001864C0 /* Release */,
			);
			defaultConfigurationIsVisible = 0;
			defaultConfigurationName = Release;
		};
		A1070C18271B2625001864C0 /* Build configuration list for PBXNativeTarget "FoodiesSouq" */ = {
			isa = XCConfigurationList;
			buildConfigurations = (
				A1070C19271B2625001864C0 /* Debug */,
				A1070C1A271B2625001864C0 /* Release */,
			);
			defaultConfigurationIsVisible = 0;
			defaultConfigurationName = Release;
		};
/* End XCConfigurationList section */
	};
	rootObject = A1070C02271B2622001864C0 /* Project object */;
}
